
Microsoft Visual Studio Solution File, Format Version 12.00
# Visual Studio 14
VisualStudioVersion = 14.0.25420.1
MinimumVisualStudioVersion = 10.0.40219.1
Project("{FAE04EC0-301F-11D3-BF4B-00C04F79EFBC}") = "FavoritesSystem", "FavoritesSystem.csproj", "{37075A07-9BC5-4583-860E-00A6B25BB6A0}"
EndProject
Project("{FAE04EC0-301F-11D3-BF4B-00C04F79EFBC}") = "UnitTestProject1", "..\UnitTestProject1\UnitTestProject1.csproj", "{980FB78B-A141-417E-9199-37C40F3D82FA}"
EndProject
Global
	GlobalSection(SolutionConfigurationPlatforms) = preSolution
		Debug|Any CPU = Debug|Any CPU
		Release|Any CPU = Release|Any CPU
	EndGlobalSection
	GlobalSection(ProjectConfigurationPlatforms) = postSolution
		{37075A07-9BC5-4583-860E-00A6B25BB6A0}.Debug|Any CPU.ActiveCfg = Debug|Any CPU
		{37075A07-9BC5-4583-860E-00A6B25BB6A0}.Debug|Any CPU.Build.0 = Debug|Any CPU
		{37075A07-9BC5-4583-860E-00A6B25BB6A0}.Release|Any CPU.ActiveCfg = Release|Any CPU
		{37075A07-9BC5-4583-860E-00A6B25BB6A0}.Release|Any CPU.Build.0 = Release|Any CPU
		{980FB78B-A141-417E-9199-37C40F3D82FA}.Debug|Any CPU.ActiveCfg = Debug|Any CPU
		{980FB78B-A141-417E-9199-37C40F3D82FA}.Debug|Any CPU.Build.0 = Debug|Any CPU
		{980FB78B-A141-417E-9199-37C40F3D82FA}.Release|Any CPU.ActiveCfg = Release|Any CPU
		{980FB78B-A141-417E-9199-37C40F3D82FA}.Release|Any CPU.Build.0 = Release|Any CPU
	EndGlobalSection
	GlobalSection(SolutionProperties) = preSolution
		HideSolutionNode = FALSE
	EndGlobalSection
EndGlobal
